
Microsoft Visual Studio Solution File, Format Version 12.00
# Visual Studio Version 17
VisualStudioVersion = 17.4.33205.214
MinimumVisualStudioVersion = 10.0.40219.1
Project("{FAE04EC0-301F-11D3-BF4B-00C04F79EFBC}") = "SqlTask", "SqlTask\SqlTask.csproj", "{DC99BB9A-91EC-49C2-8D73-45CB1D77FBCC}"
EndProject
Global
	GlobalSection(SolutionConfigurationPlatforms) = preSolution
		Debug|Any CPU = Debug|Any CPU
		Release|Any CPU = Release|Any CPU
	EndGlobalSection
	GlobalSection(ProjectConfigurationPlatforms) = postSolution
		{DC99BB9A-91EC-49C2-8D73-45CB1D77FBCC}.Debug|Any CPU.ActiveCfg = Debug|Any CPU
		{DC99BB9A-91EC-49C2-8D73-45CB1D77FBCC}.Debug|Any CPU.Build.0 = Debug|Any CPU
		{DC99BB9A-91EC-49C2-8D73-45CB1D77FBCC}.Release|Any CPU.ActiveCfg = Release|Any CPU
		{DC99BB9A-91EC-49C2-8D73-45CB1D77FBCC}.Release|Any CPU.Build.0 = Release|Any CPU
	EndGlobalSection
	GlobalSection(SolutionProperties) = preSolution
		HideSolutionNode = FALSE
	EndGlobalSection
	GlobalSection(ExtensibilityGlobals) = postSolution
		SolutionGuid = {057DBA1E-12C4-48CE-A671-2D814310A047}
	EndGlobalSection
EndGlobal
